{
  "name": "@civ-clone/library-world",
  "version": "0.1.0",
  "lockfileVersion": 2,
  "requires": true,
  "packages": {
    "": {
      "name": "@civ-clone/library-world",
      "version": "0.1.0",
      "license": "MIT",
      "dependencies": {
        "@civ-clone/base-terrain-arctic": "^0.1.0",
        "@civ-clone/base-terrain-desert": "^0.1.0",
        "@civ-clone/base-terrain-feature-coal": "^0.1.0",
        "@civ-clone/base-terrain-feature-fish": "^0.1.0",
        "@civ-clone/base-terrain-feature-game": "^0.1.0",
        "@civ-clone/base-terrain-feature-gems": "^0.1.0",
        "@civ-clone/base-terrain-feature-gold": "^0.1.0",
        "@civ-clone/base-terrain-feature-horse": "^0.1.0",
        "@civ-clone/base-terrain-feature-oasis": "^0.1.0",
        "@civ-clone/base-terrain-feature-oil": "^0.1.0",
        "@civ-clone/base-terrain-feature-seal": "^0.1.0",
        "@civ-clone/base-terrain-feature-shield": "^0.1.0",
        "@civ-clone/base-terrain-forest": "^0.1.0",
        "@civ-clone/base-terrain-grassland": "^0.1.0",
        "@civ-clone/base-terrain-hills": "^0.1.0",
        "@civ-clone/base-terrain-jungle": "^0.1.0",
        "@civ-clone/base-terrain-mountains": "^0.1.0",
        "@civ-clone/base-terrain-ocean": "^0.1.0",
        "@civ-clone/base-terrain-plains": "^0.1.0",
        "@civ-clone/base-terrain-river": "^0.1.0",
        "@civ-clone/base-terrain-swamp": "^0.1.0",
        "@civ-clone/base-terrain-tundra": "^0.1.0",
        "@civ-clone/base-terrain-yield-food": "^0.1.0",
        "@civ-clone/base-terrain-yield-production": "^0.1.0",
        "@civ-clone/base-terrain-yield-trade": "^0.1.0",
        "@civ-clone/base-tile-improvement-irrigation": "^0.1.0",
        "@civ-clone/base-tile-improvement-mine": "^0.1.0",
        "@civ-clone/base-tile-improvement-pollution": "^0.1.0",
        "@civ-clone/base-tile-improvement-railroad": "^0.1.0",
        "@civ-clone/base-tile-improvement-road": "^0.1.0"
      },
      "devDependencies": {
        "@types/node": "^14.0.0",
        "prettier": "^2.0.0",
        "typescript": "^4.0.0"
      }
    },
    "node_modules/@civ-clone/base-terrain-arctic": {
      "version": "0.1.0",
      "resolved": "https://registry.npmjs.org/@civ-clone/base-terrain-arctic/-/base-terrain-arctic-0.1.0.tgz",
      "integrity": "sha512-fOwqdm8HygnhfmWi4BJVqvmwuKWfiw9l15s5kZJUuDx2r+TcVY3g92nLsvzl8PgEgTCOuOBgr3IQTF0KdgjjRA==",
      "dependencies": {
        "@civ-clone/core-terrain": "^0.1.0"
      }
    },
    "node_modules/@civ-clone/base-terrain-desert": {
      "version": "0.1.0",
      "resolved": "https://registry.npmjs.org/@civ-clone/base-terrain-desert/-/base-terrain-desert-0.1.0.tgz",
      "integrity": "sha512-GA7f4dhw03ERdhHASd1heMKKQLslspA9jV4rd5+fEA46O/wxAegyqNF4gspNYaGhQXaaUMVGNZV0w68JC7ySWQ==",
      "dependencies": {
        "@civ-clone/core-terrain": "^0.1.0"
      }
    },
    "node_modules/@civ-clone/base-terrain-feature-coal": {
      "version": "0.1.0",
      "resolved": "https://registry.npmjs.org/@civ-clone/base-terrain-feature-coal/-/base-terrain-feature-coal-0.1.0.tgz",
      "integrity": "sha512-v9tlxylJWK0FsYztbcAyRYSsEQFUoVKWw5nqhiEgQ9FCUTf3agXVviKKydCIoNDbPjbjmWYV18LYkASBlTEArw==",
      "dependencies": {
        "@civ-clone/core-terrain-feature": "^0.1.0"
      }
    },
    "node_modules/@civ-clone/base-terrain-feature-fish": {
      "version": "0.1.0",
      "resolved": "https://registry.npmjs.org/@civ-clone/base-terrain-feature-fish/-/base-terrain-feature-fish-0.1.0.tgz",
      "integrity": "sha512-al9Yjxi+khSJI4WnjF2htse1Ri+8UwNEp4ZFdy8CR2PGdjiw5Uhk+BKOq5wAlysUr+P4ONKu+SIce8csVls0xQ==",
      "dependencies": {
        "@civ-clone/core-terrain-feature": "^0.1.0"
      }
    },
    "node_modules/@civ-clone/base-terrain-feature-game": {
      "version": "0.1.0",
      "resolved": "https://registry.npmjs.org/@civ-clone/base-terrain-feature-game/-/base-terrain-feature-game-0.1.0.tgz",
      "integrity": "sha512-/remVgrdwPq3P6xL/7haBP4gCIXbL8QQtYHI5fx8zG8ho/09d9TRvT+F0TVN7+0d4a/ZaZ0rIG3s+l2GkaYXWg==",
      "dependencies": {
        "@civ-clone/core-terrain-feature": "^0.1.0"
      }
    },
    "node_modules/@civ-clone/base-terrain-feature-gems": {
      "version": "0.1.0",
      "resolved": "https://registry.npmjs.org/@civ-clone/base-terrain-feature-gems/-/base-terrain-feature-gems-0.1.0.tgz",
      "integrity": "sha512-GW9mWUNYgt+z3vq/Xa/CDuldmLxuXwtN/BoEJ6qEJpjDJmv6l+AYOKAxJM35O07tRYtftaHQILbO+bUGj9iprQ==",
      "dependencies": {
        "@civ-clone/core-terrain-feature": "^0.1.0"
      }
    },
    "node_modules/@civ-clone/base-terrain-feature-gold": {
      "version": "0.1.0",
      "resolved": "https://registry.npmjs.org/@civ-clone/base-terrain-feature-gold/-/base-terrain-feature-gold-0.1.0.tgz",
      "integrity": "sha512-NOdCsaa8C+h8+LL6WLn4HWqvyg3B7MxjCQ6Jgiud6sWl/SZsA/uDbCxBI7iZRJFjXlWkf6GDkuEzSx3D2Q62fQ==",
      "dependencies": {
        "@civ-clone/core-terrain-feature": "^0.1.0"
      }
    },
    "node_modules/@civ-clone/base-terrain-feature-horse": {
      "version": "0.1.0",
      "resolved": "https://registry.npmjs.org/@civ-clone/base-terrain-feature-horse/-/base-terrain-feature-horse-0.1.0.tgz",
      "integrity": "sha512-oIr+nML+2RiIgyjK2xACiB+7Ttl1TIZnMDwNvDTq2dd2e1u/wmpG56vhiW6213T/FZ9CLPB1YJgq1szFKdqJ9g==",
      "dependencies": {
        "@civ-clone/core-terrain-feature": "^0.1.0"
      }
    },
    "node_modules/@civ-clone/base-terrain-feature-oasis": {
      "version": "0.1.0",
      "resolved": "https://registry.npmjs.org/@civ-clone/base-terrain-feature-oasis/-/base-terrain-feature-oasis-0.1.0.tgz",
      "integrity": "sha512-rGa7l+rP+wgYCiYwx8eIIiIv+84M+Fvgb9bFEarn5bxx71E4kziKQsDGXRGnZ8lydqC7/s57bkZ13WwHLzea7g==",
      "dependencies": {
        "@civ-clone/core-terrain-feature": "^0.1.0"
      }
    },
    "node_modules/@civ-clone/base-terrain-feature-oil": {
      "version": "0.1.0",
      "resolved": "https://registry.npmjs.org/@civ-clone/base-terrain-feature-oil/-/base-terrain-feature-oil-0.1.0.tgz",
      "integrity": "sha512-4hGB6+K0xD4kJECFRhyixXnAbdXztlPSVhWu28aSJO2rOD6Tp2bS6xHjMlBrmSP8PSSmS/IccC8gKg1jHFOVtw==",
      "dependencies": {
        "@civ-clone/core-terrain-feature": "^0.1.0"
      }
    },
    "node_modules/@civ-clone/base-terrain-feature-seal": {
      "version": "0.1.0",
      "resolved": "https://registry.npmjs.org/@civ-clone/base-terrain-feature-seal/-/base-terrain-feature-seal-0.1.0.tgz",
      "integrity": "sha512-dcZ1W9eqWb05nrkzC3EWKSfBa5juYV4acNtSFUoc63lf1x6ShvssGdlbWgDASFw4x+WY8dWtJg/jEc3+H0X4mA==",
      "dependencies": {
        "@civ-clone/core-terrain-feature": "^0.1.0"
      }
    },
    "node_modules/@civ-clone/base-terrain-feature-shield": {
      "version": "0.1.0",
      "resolved": "https://registry.npmjs.org/@civ-clone/base-terrain-feature-shield/-/base-terrain-feature-shield-0.1.0.tgz",
      "integrity": "sha512-4/oPWiyRrrzbEtmrROLdpcqjTMU29GBYTu08yF2mW4SHhpHCoNQm5s1DmL7jTUP27G06YRqz3nGY0lqNh+prUg==",
      "dependencies": {
        "@civ-clone/core-terrain-feature": "^0.1.0"
      }
    },
    "node_modules/@civ-clone/base-terrain-forest": {
      "version": "0.1.0",
      "resolved": "https://registry.npmjs.org/@civ-clone/base-terrain-forest/-/base-terrain-forest-0.1.0.tgz",
      "integrity": "sha512-dt16XcFU67Lryv/w+qX59lXxw3uA5R1ptSiZBzQZtq3wwaFEvccbg9irINQe9ViWfoCXNswqzDVEyP55r3klgQ==",
      "dependencies": {
        "@civ-clone/core-terrain": "^0.1.0"
      }
    },
    "node_modules/@civ-clone/base-terrain-grassland": {
      "version": "0.1.0",
      "resolved": "https://registry.npmjs.org/@civ-clone/base-terrain-grassland/-/base-terrain-grassland-0.1.0.tgz",
      "integrity": "sha512-J5tMbkL0lH+R6hjFx5Xge4hDPAXEW9c+DgMJac+2cLCtX1sXcMatYeyEtFj1IiApb8iZinRYnW9JDpII89cxpw==",
      "dependencies": {
        "@civ-clone/core-terrain": "^0.1.0"
      }
    },
    "node_modules/@civ-clone/base-terrain-hills": {
      "version": "0.1.0",
      "resolved": "https://registry.npmjs.org/@civ-clone/base-terrain-hills/-/base-terrain-hills-0.1.0.tgz",
      "integrity": "sha512-jlZYT6/oaGqmmu4pqrtGhPIbNpXnaA7yNU1MmXrZMO3blYqcTy7I5QbeQS4wbfMOuZgL35tzXEte+3ysVf2oxA==",
      "dependencies": {
        "@civ-clone/core-terrain": "^0.1.0"
      }
    },
    "node_modules/@civ-clone/base-terrain-jungle": {
      "version": "0.1.0",
      "resolved": "https://registry.npmjs.org/@civ-clone/base-terrain-jungle/-/base-terrain-jungle-0.1.0.tgz",
      "integrity": "sha512-SCNT/eM06JIOlGepuFS5ahovexjZMJm4k6vGV7YOi8EsINQDg/zMFgdYpjZEM8xmr2b4S/oR5F/nBk8Sixoj0w==",
      "dependencies": {
        "@civ-clone/core-terrain": "^0.1.0"
      }
    },
    "node_modules/@civ-clone/base-terrain-mountains": {
      "version": "0.1.0",
      "resolved": "https://registry.npmjs.org/@civ-clone/base-terrain-mountains/-/base-terrain-mountains-0.1.0.tgz",
      "integrity": "sha512-n6QnLobfbjS3WAuS5ci5aQekDgSmTn1Iwf5AAv+z9Rfyi0CeEt1dwqD5r5ulJG03ltIlhUD/pVE907jjXWbrpg==",
      "dependencies": {
        "@civ-clone/core-terrain": "^0.1.0"
      }
    },
    "node_modules/@civ-clone/base-terrain-ocean": {
      "version": "0.1.0",
      "resolved": "https://registry.npmjs.org/@civ-clone/base-terrain-ocean/-/base-terrain-ocean-0.1.0.tgz",
      "integrity": "sha512-2/l7aZaBX6RqJ8kZKaVv5jPTF6jAuKBAmI+HxXQWAjizMt42+EMBKGOutnDL+qbvNjrHeYqPfRi8NtQPyQPbJA==",
      "dependencies": {
        "@civ-clone/core-terrain": "^0.1.0"
      }
    },
    "node_modules/@civ-clone/base-terrain-plains": {
      "version": "0.1.0",
      "resolved": "https://registry.npmjs.org/@civ-clone/base-terrain-plains/-/base-terrain-plains-0.1.0.tgz",
      "integrity": "sha512-0khqpZ1pPaATThJjS3BfJuRMQ4umGwLF4rpUzUZBeJQ9xpYFXIsNloAKJSos40H6ujn0UK7seCR4GFqa7GPPIA==",
      "dependencies": {
        "@civ-clone/core-terrain": "^0.1.0"
      }
    },
    "node_modules/@civ-clone/base-terrain-river": {
      "version": "0.1.0",
      "resolved": "https://registry.npmjs.org/@civ-clone/base-terrain-river/-/base-terrain-river-0.1.0.tgz",
      "integrity": "sha512-sSB2YVp/TyyA7vsUqwItsoKH/qPbFxJZAuz0qbuh2C8xdKiw1T4qePB1VOEzInwalJ8a3c7Id5UtQuizMn2MZA==",
      "dependencies": {
        "@civ-clone/core-terrain": "^0.1.0"
      }
    },
    "node_modules/@civ-clone/base-terrain-swamp": {
      "version": "0.1.0",
      "resolved": "https://registry.npmjs.org/@civ-clone/base-terrain-swamp/-/base-terrain-swamp-0.1.0.tgz",
      "integrity": "sha512-e5uXIDCNouYHiy80VHzalM9pJwSTxa4EHgUZrgXk5F8QBWFl52qen8tyju1nAYU+pbmTvSvPG6P2SwLSGAVrFQ==",
      "dependencies": {
        "@civ-clone/core-terrain": "^0.1.0"
      }
    },
    "node_modules/@civ-clone/base-terrain-tundra": {
      "version": "0.1.0",
      "resolved": "https://registry.npmjs.org/@civ-clone/base-terrain-tundra/-/base-terrain-tundra-0.1.0.tgz",
      "integrity": "sha512-TOkwukpOjiOCShELd7jSs7yjIRFlMASPK4IwBEadtISBhXEBwujSSG0QKQrX53GOxyDCP3NQgjFuwW7EXKdh/g==",
      "dependencies": {
        "@civ-clone/core-terrain": "^0.1.0"
      }
    },
    "node_modules/@civ-clone/base-terrain-yield-food": {
      "version": "0.1.0",
      "resolved": "https://registry.npmjs.org/@civ-clone/base-terrain-yield-food/-/base-terrain-yield-food-0.1.0.tgz",
      "integrity": "sha512-wCSH21GShAP7g+W1UdVQ/68U9naECCYfCFuhbavNxZOVgMgY1p2b0UUICuuVdVgjgnsclr2lkFxH/xvKUEKWqw==",
      "dependencies": {
        "@civ-clone/core-yield": "^0.1.0"
      }
    },
    "node_modules/@civ-clone/base-terrain-yield-production": {
      "version": "0.1.0",
      "resolved": "https://registry.npmjs.org/@civ-clone/base-terrain-yield-production/-/base-terrain-yield-production-0.1.0.tgz",
      "integrity": "sha512-nybCDYetmeEABSgOKU+ampCZGGlxx1iV9LB6eo6JoHuEfJ6eV5Q0YeuZ4XdT2EvtU4su3KQH1JLct+7nsrl4cw==",
      "dependencies": {
        "@civ-clone/core-yield": "^0.1.0"
      }
    },
    "node_modules/@civ-clone/base-terrain-yield-trade": {
      "version": "0.1.0",
      "resolved": "https://registry.npmjs.org/@civ-clone/base-terrain-yield-trade/-/base-terrain-yield-trade-0.1.0.tgz",
      "integrity": "sha512-27Wo/9NnBxw19PyZnzj/fghdRrvTN10QQmTIvzggwRC/Zorcg0SYPYxFVCLmuoAXWAov1FCPw5pumcR96pYe9g==",
      "dependencies": {
        "@civ-clone/core-yield": "^0.1.0"
      }
    },
    "node_modules/@civ-clone/base-tile-improvement-irrigation": {
      "version": "0.1.0",
      "resolved": "https://registry.npmjs.org/@civ-clone/base-tile-improvement-irrigation/-/base-tile-improvement-irrigation-0.1.0.tgz",
      "integrity": "sha512-dBLtJRui4AQYyT7n7holoX1KmJ9U/vxioy6zSXsUYBl8l4XgNFa/LRG71H7ZGRVMN6kK0XeiealbpHdgOBm4rw==",
      "dependencies": {
        "@civ-clone/core-tile-improvement": "^0.1.0"
      }
    },
    "node_modules/@civ-clone/base-tile-improvement-mine": {
      "version": "0.1.0",
      "resolved": "https://registry.npmjs.org/@civ-clone/base-tile-improvement-mine/-/base-tile-improvement-mine-0.1.0.tgz",
      "integrity": "sha512-Wa5AyKwsbm0RV6CjIK1a+9wbD5oteCzJ/Tw3YsngaIoAzyw02WA9U+sMfDbcEmd30lnQT2h9HAjVqstcOTjN+Q==",
      "dependencies": {
        "@civ-clone/core-tile-improvement": "^0.1.0"
      }
    },
    "node_modules/@civ-clone/base-tile-improvement-pollution": {
      "version": "0.1.0",
      "resolved": "https://registry.npmjs.org/@civ-clone/base-tile-improvement-pollution/-/base-tile-improvement-pollution-0.1.0.tgz",
      "integrity": "sha512-CMTPGYCZEZ6aZ6eaw4/ICbuiuzyef3tccVVxfBWVnydCzUDFJMXqt4KztMhaqSNJj/2Yfv/LhbSNCS428kFuXw==",
      "dependencies": {
        "@civ-clone/core-tile-improvement": "^0.1.0"
      }
    },
    "node_modules/@civ-clone/base-tile-improvement-railroad": {
      "version": "0.1.0",
      "resolved": "https://registry.npmjs.org/@civ-clone/base-tile-improvement-railroad/-/base-tile-improvement-railroad-0.1.0.tgz",
      "integrity": "sha512-A/M0neipf+KEpcbuCbJC4ut3x+cR5mF9asILvoJqplcGAahqgnWDZWAQJKNDcgvAX97dEi43bzlWyXCm/acMTg==",
      "dependencies": {
        "@civ-clone/core-tile-improvement": "^0.1.0"
      }
    },
    "node_modules/@civ-clone/base-tile-improvement-road": {
      "version": "0.1.0",
      "resolved": "https://registry.npmjs.org/@civ-clone/base-tile-improvement-road/-/base-tile-improvement-road-0.1.0.tgz",
      "integrity": "sha512-4Z+SrnwCbqOzWkd5HIlXw0CI+ddq8q9KcbpUWoevkZoDscbXILfwrIZXXD7cfhcJdwH97Pi4xbkVDePdZOFqmg==",
      "dependencies": {
        "@civ-clone/core-tile-improvement": "^0.1.0"
      }
    },
    "node_modules/@civ-clone/core-civilization": {
      "version": "0.1.3",
      "resolved": "https://registry.npmjs.org/@civ-clone/core-civilization/-/core-civilization-0.1.3.tgz",
      "integrity": "sha512-G4nwynXc8LobBphSNEshmfDs+94sj6UdMFlpEDvleAG13hMOPC5WtKCPSwpGpxfRaQwGS3lkyuYx5MNF4cA6sw==",
      "dependencies": {
        "@civ-clone/core-data-object": "^0.1.0",
        "@civ-clone/core-registry": "^0.1.0",
        "@civ-clone/core-yield": "^0.1.0"
      }
    },
    "node_modules/@civ-clone/core-data-object": {
      "version": "0.1.12",
      "resolved": "https://registry.npmjs.org/@civ-clone/core-data-object/-/core-data-object-0.1.12.tgz",
      "integrity": "sha512-hvDWU9QGNnejrcmJAzoKROMtRumpGKF7fxDMDaEK+qiBiLcHsEWvHpATzGeuah6AFqVuWtzbbxn5zDw0Aq+bOQ==",
      "dependencies": {
        "@civ-clone/core-registry": "^0.1.0"
      }
    },
    "node_modules/@civ-clone/core-player": {
      "version": "0.1.7",
      "resolved": "https://registry.npmjs.org/@civ-clone/core-player/-/core-player-0.1.7.tgz",
      "integrity": "sha512-z3kuSE3LA5/U1u0O6MNGnt7AjskMu6zKfMxgYF9+ZgZlFxfxi2DFqu/owuaRH7qZaAbELq9iKLwY6Z4PiisLUg==",
      "dependencies": {
        "@civ-clone/core-civilization": "^0.1.0",
        "@civ-clone/core-data-object": "^0.1.0",
        "@civ-clone/core-registry": "^0.1.0",
        "@civ-clone/core-rule": "^0.1.0",
        "@civ-clone/core-world": "^0.1.10"
      }
    },
    "node_modules/@civ-clone/core-registry": {
      "version": "0.1.1",
      "resolved": "https://registry.npmjs.org/@civ-clone/core-registry/-/core-registry-0.1.1.tgz",
      "integrity": "sha512-QmeffB0fmNLjIQMAgiZBQugOqWhOzgDpzgKB4KQtdkMrhjKV0jZw2VfM0mbEyqqem4hrSLsbrLkcA9aJh5NMXw=="
    },
    "node_modules/@civ-clone/core-rule": {
      "version": "0.1.3",
      "resolved": "https://registry.npmjs.org/@civ-clone/core-rule/-/core-rule-0.1.3.tgz",
      "integrity": "sha512-mAN8Mc2TiT8ulGWTCVhWo5UwxR4PjN3I5BLQYQ8bVy750iw4cLHoib/tRKXkYS1Qm0ETiI7c9GEMdYNDBdZ+pQ==",
      "dependencies": {
        "@civ-clone/core-registry": "^0.1.0"
      }
    },
    "node_modules/@civ-clone/core-terrain": {
      "version": "0.1.2",
      "resolved": "https://registry.npmjs.org/@civ-clone/core-terrain/-/core-terrain-0.1.2.tgz",
      "integrity": "sha512-eFBRIri06plxKQHtTtJIKnbl211HhylXInveeN7XqRvJUXq0paiwksI8Z7AqN5M+6bDe8OO+SXXnHwVdg1J8Dg==",
      "dependencies": {
        "@civ-clone/core-data-object": "^0.1.0",
        "@civ-clone/core-registry": "^0.1.0",
        "@civ-clone/core-rule": "^0.1.0"
      }
    },
    "node_modules/@civ-clone/core-terrain-feature": {
      "version": "0.1.2",
      "resolved": "https://registry.npmjs.org/@civ-clone/core-terrain-feature/-/core-terrain-feature-0.1.2.tgz",
      "integrity": "sha512-AWrrcVTmAPtgYs04vmpWaT0R7beWcMvoGgWNdYCMmkga5zH2T2q95ZQ3fef94BCihMptYCkICtS9ARRRXbzflA==",
      "dependencies": {
        "@civ-clone/core-registry": "^0.1.0",
        "@civ-clone/core-rule": "^0.1.0",
        "@civ-clone/core-terrain": "^0.1.0"
      }
    },
    "node_modules/@civ-clone/core-tile-improvement": {
      "version": "0.1.2",
      "resolved": "https://registry.npmjs.org/@civ-clone/core-tile-improvement/-/core-tile-improvement-0.1.2.tgz",
      "integrity": "sha512-9naQc7AF4uVdApJEXfccJ0lKVWfDUy8NLcEGuqtoWKvIy3pgq3gRs9eSupPlAHc0YmdTsq/TGsHJWEy90O/SQg==",
      "dependencies": {
        "@civ-clone/core-data-object": "^0.1.0",
        "@civ-clone/core-player": "^0.1.0",
        "@civ-clone/core-registry": "^0.1.0",
        "@civ-clone/core-rule": "^0.1.0",
        "@civ-clone/core-terrain": "^0.1.0",
        "@civ-clone/core-world": "^0.1.0"
      }
    },
    "node_modules/@civ-clone/core-world": {
      "version": "0.1.10",
      "resolved": "https://registry.npmjs.org/@civ-clone/core-world/-/core-world-0.1.10.tgz",
      "integrity": "sha512-H1pcRIZhArVgRhFOW9VS2khNeYu30GmR+gSxlVF08KA6O7y2ks3k0C23EPjTcox9/ytBumRZhA85HxmPNFgGFw==",
      "dependencies": {
        "@civ-clone/core-data-object": "^0.1.0",
        "@civ-clone/core-player": "^0.1.0",
        "@civ-clone/core-registry": "^0.1.0",
        "@civ-clone/core-rule": "^0.1.0",
        "@civ-clone/core-terrain": "^0.1.0",
        "@civ-clone/core-world-generator": "^0.1.0",
        "@civ-clone/core-yield": "^0.1.0"
      }
    },
    "node_modules/@civ-clone/core-world-generator": {
      "version": "0.1.3",
      "resolved": "https://registry.npmjs.org/@civ-clone/core-world-generator/-/core-world-generator-0.1.3.tgz",
      "integrity": "sha512-6Q7VNisEAnh6kYxMDDuLTHof+l+u0oWMq7vCe+P7srK3H9tF0w0C0hl6DyziUn3shgp/2mjWBZngWm0/8PV0bw==",
      "dependencies": {
        "@civ-clone/core-player": "^0.1.6",
        "@civ-clone/core-registry": "^0.1.0",
        "@civ-clone/core-rule": "^0.1.0",
        "@civ-clone/core-terrain": "^0.1.0",
        "@civ-clone/core-world": "^0.1.10"
      }
    },
    "node_modules/@civ-clone/core-yield": {
      "version": "0.1.4",
      "resolved": "https://registry.npmjs.org/@civ-clone/core-yield/-/core-yield-0.1.4.tgz",
      "integrity": "sha512-zXUcbQpmutleplRbwRU5O0Z/QAtBdGExpPC5UfoX34XvfkZN68A1O0PQf1xNL+5i4jHyUNldh0+biUnbzI4sWg==",
      "dependencies": {
        "@civ-clone/core-data-object": "^0.1.0",
        "@civ-clone/core-registry": "^0.1.0"
      }
    },
    "node_modules/@types/node": {
      "version": "14.18.42",
      "resolved": "https://registry.npmjs.org/@types/node/-/node-14.18.42.tgz",
      "integrity": "sha512-xefu+RBie4xWlK8hwAzGh3npDz/4VhF6icY/shU+zv/1fNn+ZVG7T7CRwe9LId9sAYRPxI+59QBPuKL3WpyGRg==",
      "dev": true
    },
    "node_modules/prettier": {
      "version": "2.8.7",
      "resolved": "https://registry.npmjs.org/prettier/-/prettier-2.8.7.tgz",
      "integrity": "sha512-yPngTo3aXUUmyuTjeTUT75txrf+aMh9FiD7q9ZE/i6r0bPb22g4FsE6Y338PQX1bmfy08i9QQCB7/rcUAVntfw==",
      "dev": true,
      "bin": {
        "prettier": "bin-prettier.js"
      },
      "engines": {
        "node": ">=10.13.0"
      },
      "funding": {
        "url": "https://github.com/prettier/prettier?sponsor=1"
      }
    },
    "node_modules/typescript": {
      "version": "4.9.5",
      "resolved": "https://registry.npmjs.org/typescript/-/typescript-4.9.5.tgz",
      "integrity": "sha512-1FXk9E2Hm+QzZQ7z+McJiHL4NW1F2EzMu9Nq9i3zAaGqibafqYwCVU6WyWAuyQRRzOlxou8xZSyXLEN8oKj24g==",
      "dev": true,
      "bin": {
        "tsc": "bin/tsc",
        "tsserver": "bin/tsserver"
      },
      "engines": {
        "node": ">=4.2.0"
      }
    }
  },
  "dependencies": {
    "@civ-clone/base-terrain-arctic": {
      "version": "0.1.0",
      "resolved": "https://registry.npmjs.org/@civ-clone/base-terrain-arctic/-/base-terrain-arctic-0.1.0.tgz",
      "integrity": "sha512-fOwqdm8HygnhfmWi4BJVqvmwuKWfiw9l15s5kZJUuDx2r+TcVY3g92nLsvzl8PgEgTCOuOBgr3IQTF0KdgjjRA==",
      "requires": {
        "@civ-clone/core-terrain": "^0.1.0"
      }
    },
    "@civ-clone/base-terrain-desert": {
      "version": "0.1.0",
      "resolved": "https://registry.npmjs.org/@civ-clone/base-terrain-desert/-/base-terrain-desert-0.1.0.tgz",
      "integrity": "sha512-GA7f4dhw03ERdhHASd1heMKKQLslspA9jV4rd5+fEA46O/wxAegyqNF4gspNYaGhQXaaUMVGNZV0w68JC7ySWQ==",
      "requires": {
        "@civ-clone/core-terrain": "^0.1.0"
      }
    },
    "@civ-clone/base-terrain-feature-coal": {
      "version": "0.1.0",
      "resolved": "https://registry.npmjs.org/@civ-clone/base-terrain-feature-coal/-/base-terrain-feature-coal-0.1.0.tgz",
      "integrity": "sha512-v9tlxylJWK0FsYztbcAyRYSsEQFUoVKWw5nqhiEgQ9FCUTf3agXVviKKydCIoNDbPjbjmWYV18LYkASBlTEArw==",
      "requires": {
        "@civ-clone/core-terrain-feature": "^0.1.0"
      }
    },
    "@civ-clone/base-terrain-feature-fish": {
      "version": "0.1.0",
      "resolved": "https://registry.npmjs.org/@civ-clone/base-terrain-feature-fish/-/base-terrain-feature-fish-0.1.0.tgz",
      "integrity": "sha512-al9Yjxi+khSJI4WnjF2htse1Ri+8UwNEp4ZFdy8CR2PGdjiw5Uhk+BKOq5wAlysUr+P4ONKu+SIce8csVls0xQ==",
      "requires": {
        "@civ-clone/core-terrain-feature": "^0.1.0"
      }
    },
    "@civ-clone/base-terrain-feature-game": {
      "version": "0.1.0",
      "resolved": "https://registry.npmjs.org/@civ-clone/base-terrain-feature-game/-/base-terrain-feature-game-0.1.0.tgz",
      "integrity": "sha512-/remVgrdwPq3P6xL/7haBP4gCIXbL8QQtYHI5fx8zG8ho/09d9TRvT+F0TVN7+0d4a/ZaZ0rIG3s+l2GkaYXWg==",
      "requires": {
        "@civ-clone/core-terrain-feature": "^0.1.0"
      }
    },
    "@civ-clone/base-terrain-feature-gems": {
      "version": "0.1.0",
      "resolved": "https://registry.npmjs.org/@civ-clone/base-terrain-feature-gems/-/base-terrain-feature-gems-0.1.0.tgz",
      "integrity": "sha512-GW9mWUNYgt+z3vq/Xa/CDuldmLxuXwtN/BoEJ6qEJpjDJmv6l+AYOKAxJM35O07tRYtftaHQILbO+bUGj9iprQ==",
      "requires": {
        "@civ-clone/core-terrain-feature": "^0.1.0"
      }
    },
    "@civ-clone/base-terrain-feature-gold": {
      "version": "0.1.0",
      "resolved": "https://registry.npmjs.org/@civ-clone/base-terrain-feature-gold/-/base-terrain-feature-gold-0.1.0.tgz",
      "integrity": "sha512-NOdCsaa8C+h8+LL6WLn4HWqvyg3B7MxjCQ6Jgiud6sWl/SZsA/uDbCxBI7iZRJFjXlWkf6GDkuEzSx3D2Q62fQ==",
      "requires": {
        "@civ-clone/core-terrain-feature": "^0.1.0"
      }
    },
    "@civ-clone/base-terrain-feature-horse": {
      "version": "0.1.0",
      "resolved": "https://registry.npmjs.org/@civ-clone/base-terrain-feature-horse/-/base-terrain-feature-horse-0.1.0.tgz",
      "integrity": "sha512-oIr+nML+2RiIgyjK2xACiB+7Ttl1TIZnMDwNvDTq2dd2e1u/wmpG56vhiW6213T/FZ9CLPB1YJgq1szFKdqJ9g==",
      "requires": {
        "@civ-clone/core-terrain-feature": "^0.1.0"
      }
    },
    "@civ-clone/base-terrain-feature-oasis": {
      "version": "0.1.0",
      "resolved": "https://registry.npmjs.org/@civ-clone/base-terrain-feature-oasis/-/base-terrain-feature-oasis-0.1.0.tgz",
      "integrity": "sha512-rGa7l+rP+wgYCiYwx8eIIiIv+84M+Fvgb9bFEarn5bxx71E4kziKQsDGXRGnZ8lydqC7/s57bkZ13WwHLzea7g==",
      "requires": {
        "@civ-clone/core-terrain-feature": "^0.1.0"
      }
    },
    "@civ-clone/base-terrain-feature-oil": {
      "version": "0.1.0",
      "resolved": "https://registry.npmjs.org/@civ-clone/base-terrain-feature-oil/-/base-terrain-feature-oil-0.1.0.tgz",
      "integrity": "sha512-4hGB6+K0xD4kJECFRhyixXnAbdXztlPSVhWu28aSJO2rOD6Tp2bS6xHjMlBrmSP8PSSmS/IccC8gKg1jHFOVtw==",
      "requires": {
        "@civ-clone/core-terrain-feature": "^0.1.0"
      }
    },
    "@civ-clone/base-terrain-feature-seal": {
      "version": "0.1.0",
      "resolved": "https://registry.npmjs.org/@civ-clone/base-terrain-feature-seal/-/base-terrain-feature-seal-0.1.0.tgz",
      "integrity": "sha512-dcZ1W9eqWb05nrkzC3EWKSfBa5juYV4acNtSFUoc63lf1x6ShvssGdlbWgDASFw4x+WY8dWtJg/jEc3+H0X4mA==",
      "requires": {
        "@civ-clone/core-terrain-feature": "^0.1.0"
      }
    },
    "@civ-clone/base-terrain-feature-shield": {
      "version": "0.1.0",
      "resolved": "https://registry.npmjs.org/@civ-clone/base-terrain-feature-shield/-/base-terrain-feature-shield-0.1.0.tgz",
      "integrity": "sha512-4/oPWiyRrrzbEtmrROLdpcqjTMU29GBYTu08yF2mW4SHhpHCoNQm5s1DmL7jTUP27G06YRqz3nGY0lqNh+prUg==",
      "requires": {
        "@civ-clone/core-terrain-feature": "^0.1.0"
      }
    },
    "@civ-clone/base-terrain-forest": {
      "version": "0.1.0",
      "resolved": "https://registry.npmjs.org/@civ-clone/base-terrain-forest/-/base-terrain-forest-0.1.0.tgz",
      "integrity": "sha512-dt16XcFU67Lryv/w+qX59lXxw3uA5R1ptSiZBzQZtq3wwaFEvccbg9irINQe9ViWfoCXNswqzDVEyP55r3klgQ==",
      "requires": {
        "@civ-clone/core-terrain": "^0.1.0"
      }
    },
    "@civ-clone/base-terrain-grassland": {
      "version": "0.1.0",
      "resolved": "https://registry.npmjs.org/@civ-clone/base-terrain-grassland/-/base-terrain-grassland-0.1.0.tgz",
      "integrity": "sha512-J5tMbkL0lH+R6hjFx5Xge4hDPAXEW9c+DgMJac+2cLCtX1sXcMatYeyEtFj1IiApb8iZinRYnW9JDpII89cxpw==",
      "requires": {
        "@civ-clone/core-terrain": "^0.1.0"
      }
    },
    "@civ-clone/base-terrain-hills": {
      "version": "0.1.0",
      "resolved": "https://registry.npmjs.org/@civ-clone/base-terrain-hills/-/base-terrain-hills-0.1.0.tgz",
      "integrity": "sha512-jlZYT6/oaGqmmu4pqrtGhPIbNpXnaA7yNU1MmXrZMO3blYqcTy7I5QbeQS4wbfMOuZgL35tzXEte+3ysVf2oxA==",
      "requires": {
        "@civ-clone/core-terrain": "^0.1.0"
      }
    },
    "@civ-clone/base-terrain-jungle": {
      "version": "0.1.0",
      "resolved": "https://registry.npmjs.org/@civ-clone/base-terrain-jungle/-/base-terrain-jungle-0.1.0.tgz",
      "integrity": "sha512-SCNT/eM06JIOlGepuFS5ahovexjZMJm4k6vGV7YOi8EsINQDg/zMFgdYpjZEM8xmr2b4S/oR5F/nBk8Sixoj0w==",
      "requires": {
        "@civ-clone/core-terrain": "^0.1.0"
      }
    },
    "@civ-clone/base-terrain-mountains": {
      "version": "0.1.0",
      "resolved": "https://registry.npmjs.org/@civ-clone/base-terrain-mountains/-/base-terrain-mountains-0.1.0.tgz",
      "integrity": "sha512-n6QnLobfbjS3WAuS5ci5aQekDgSmTn1Iwf5AAv+z9Rfyi0CeEt1dwqD5r5ulJG03ltIlhUD/pVE907jjXWbrpg==",
      "requires": {
        "@civ-clone/core-terrain": "^0.1.0"
      }
    },
    "@civ-clone/base-terrain-ocean": {
      "version": "0.1.0",
      "resolved": "https://registry.npmjs.org/@civ-clone/base-terrain-ocean/-/base-terrain-ocean-0.1.0.tgz",
      "integrity": "sha512-2/l7aZaBX6RqJ8kZKaVv5jPTF6jAuKBAmI+HxXQWAjizMt42+EMBKGOutnDL+qbvNjrHeYqPfRi8NtQPyQPbJA==",
      "requires": {
        "@civ-clone/core-terrain": "^0.1.0"
      }
    },
    "@civ-clone/base-terrain-plains": {
      "version": "0.1.0",
      "resolved": "https://registry.npmjs.org/@civ-clone/base-terrain-plains/-/base-terrain-plains-0.1.0.tgz",
      "integrity": "sha512-0khqpZ1pPaATThJjS3BfJuRMQ4umGwLF4rpUzUZBeJQ9xpYFXIsNloAKJSos40H6ujn0UK7seCR4GFqa7GPPIA==",
      "requires": {
        "@civ-clone/core-terrain": "^0.1.0"
      }
    },
    "@civ-clone/base-terrain-river": {
      "version": "0.1.0",
      "resolved": "https://registry.npmjs.org/@civ-clone/base-terrain-river/-/base-terrain-river-0.1.0.tgz",
      "integrity": "sha512-sSB2YVp/TyyA7vsUqwItsoKH/qPbFxJZAuz0qbuh2C8xdKiw1T4qePB1VOEzInwalJ8a3c7Id5UtQuizMn2MZA==",
      "requires": {
        "@civ-clone/core-terrain": "^0.1.0"
      }
    },
    "@civ-clone/base-terrain-swamp": {
      "version": "0.1.0",
      "resolved": "https://registry.npmjs.org/@civ-clone/base-terrain-swamp/-/base-terrain-swamp-0.1.0.tgz",
      "integrity": "sha512-e5uXIDCNouYHiy80VHzalM9pJwSTxa4EHgUZrgXk5F8QBWFl52qen8tyju1nAYU+pbmTvSvPG6P2SwLSGAVrFQ==",
      "requires": {
        "@civ-clone/core-terrain": "^0.1.0"
      }
    },
    "@civ-clone/base-terrain-tundra": {
      "version": "0.1.0",
      "resolved": "https://registry.npmjs.org/@civ-clone/base-terrain-tundra/-/base-terrain-tundra-0.1.0.tgz",
      "integrity": "sha512-TOkwukpOjiOCShELd7jSs7yjIRFlMASPK4IwBEadtISBhXEBwujSSG0QKQrX53GOxyDCP3NQgjFuwW7EXKdh/g==",
      "requires": {
        "@civ-clone/core-terrain": "^0.1.0"
      }
    },
    "@civ-clone/base-terrain-yield-food": {
      "version": "0.1.0",
      "resolved": "https://registry.npmjs.org/@civ-clone/base-terrain-yield-food/-/base-terrain-yield-food-0.1.0.tgz",
      "integrity": "sha512-wCSH21GShAP7g+W1UdVQ/68U9naECCYfCFuhbavNxZOVgMgY1p2b0UUICuuVdVgjgnsclr2lkFxH/xvKUEKWqw==",
      "requires": {
        "@civ-clone/core-yield": "^0.1.0"
      }
    },
    "@civ-clone/base-terrain-yield-production": {
      "version": "0.1.0",
      "resolved": "https://registry.npmjs.org/@civ-clone/base-terrain-yield-production/-/base-terrain-yield-production-0.1.0.tgz",
      "integrity": "sha512-nybCDYetmeEABSgOKU+ampCZGGlxx1iV9LB6eo6JoHuEfJ6eV5Q0YeuZ4XdT2EvtU4su3KQH1JLct+7nsrl4cw==",
      "requires": {
        "@civ-clone/core-yield": "^0.1.0"
      }
    },
    "@civ-clone/base-terrain-yield-trade": {
      "version": "0.1.0",
      "resolved": "https://registry.npmjs.org/@civ-clone/base-terrain-yield-trade/-/base-terrain-yield-trade-0.1.0.tgz",
      "integrity": "sha512-27Wo/9NnBxw19PyZnzj/fghdRrvTN10QQmTIvzggwRC/Zorcg0SYPYxFVCLmuoAXWAov1FCPw5pumcR96pYe9g==",
      "requires": {
        "@civ-clone/core-yield": "^0.1.0"
      }
    },
    "@civ-clone/base-tile-improvement-irrigation": {
      "version": "0.1.0",
      "resolved": "https://registry.npmjs.org/@civ-clone/base-tile-improvement-irrigation/-/base-tile-improvement-irrigation-0.1.0.tgz",
      "integrity": "sha512-dBLtJRui4AQYyT7n7holoX1KmJ9U/vxioy6zSXsUYBl8l4XgNFa/LRG71H7ZGRVMN6kK0XeiealbpHdgOBm4rw==",
      "requires": {
        "@civ-clone/core-tile-improvement": "^0.1.0"
      }
    },
    "@civ-clone/base-tile-improvement-mine": {
      "version": "0.1.0",
      "resolved": "https://registry.npmjs.org/@civ-clone/base-tile-improvement-mine/-/base-tile-improvement-mine-0.1.0.tgz",
      "integrity": "sha512-Wa5AyKwsbm0RV6CjIK1a+9wbD5oteCzJ/Tw3YsngaIoAzyw02WA9U+sMfDbcEmd30lnQT2h9HAjVqstcOTjN+Q==",
      "requires": {
        "@civ-clone/core-tile-improvement": "^0.1.0"
      }
    },
    "@civ-clone/base-tile-improvement-pollution": {
      "version": "0.1.0",
      "resolved": "https://registry.npmjs.org/@civ-clone/base-tile-improvement-pollution/-/base-tile-improvement-pollution-0.1.0.tgz",
      "integrity": "sha512-CMTPGYCZEZ6aZ6eaw4/ICbuiuzyef3tccVVxfBWVnydCzUDFJMXqt4KztMhaqSNJj/2Yfv/LhbSNCS428kFuXw==",
      "requires": {
        "@civ-clone/core-tile-improvement": "^0.1.0"
      }
    },
    "@civ-clone/base-tile-improvement-railroad": {
      "version": "0.1.0",
      "resolved": "https://registry.npmjs.org/@civ-clone/base-tile-improvement-railroad/-/base-tile-improvement-railroad-0.1.0.tgz",
      "integrity": "sha512-A/M0neipf+KEpcbuCbJC4ut3x+cR5mF9asILvoJqplcGAahqgnWDZWAQJKNDcgvAX97dEi43bzlWyXCm/acMTg==",
      "requires": {
        "@civ-clone/core-tile-improvement": "^0.1.0"
      }
    },
    "@civ-clone/base-tile-improvement-road": {
      "version": "0.1.0",
      "resolved": "https://registry.npmjs.org/@civ-clone/base-tile-improvement-road/-/base-tile-improvement-road-0.1.0.tgz",
      "integrity": "sha512-4Z+SrnwCbqOzWkd5HIlXw0CI+ddq8q9KcbpUWoevkZoDscbXILfwrIZXXD7cfhcJdwH97Pi4xbkVDePdZOFqmg==",
      "requires": {
        "@civ-clone/core-tile-improvement": "^0.1.0"
      }
    },
    "@civ-clone/core-civilization": {
      "version": "0.1.3",
      "resolved": "https://registry.npmjs.org/@civ-clone/core-civilization/-/core-civilization-0.1.3.tgz",
      "integrity": "sha512-G4nwynXc8LobBphSNEshmfDs+94sj6UdMFlpEDvleAG13hMOPC5WtKCPSwpGpxfRaQwGS3lkyuYx5MNF4cA6sw==",
      "requires": {
        "@civ-clone/core-data-object": "^0.1.0",
        "@civ-clone/core-registry": "^0.1.0",
        "@civ-clone/core-yield": "^0.1.0"
      }
    },
    "@civ-clone/core-data-object": {
      "version": "0.1.12",
      "resolved": "https://registry.npmjs.org/@civ-clone/core-data-object/-/core-data-object-0.1.12.tgz",
      "integrity": "sha512-hvDWU9QGNnejrcmJAzoKROMtRumpGKF7fxDMDaEK+qiBiLcHsEWvHpATzGeuah6AFqVuWtzbbxn5zDw0Aq+bOQ==",
      "requires": {
        "@civ-clone/core-registry": "^0.1.0"
      }
    },
    "@civ-clone/core-player": {
      "version": "0.1.7",
      "resolved": "https://registry.npmjs.org/@civ-clone/core-player/-/core-player-0.1.7.tgz",
      "integrity": "sha512-z3kuSE3LA5/U1u0O6MNGnt7AjskMu6zKfMxgYF9+ZgZlFxfxi2DFqu/owuaRH7qZaAbELq9iKLwY6Z4PiisLUg==",
      "requires": {
        "@civ-clone/core-civilization": "^0.1.0",
        "@civ-clone/core-data-object": "^0.1.0",
        "@civ-clone/core-registry": "^0.1.0",
        "@civ-clone/core-rule": "^0.1.0",
        "@civ-clone/core-world": "^0.1.10"
      }
    },
    "@civ-clone/core-registry": {
      "version": "0.1.1",
      "resolved": "https://registry.npmjs.org/@civ-clone/core-registry/-/core-registry-0.1.1.tgz",
      "integrity": "sha512-QmeffB0fmNLjIQMAgiZBQugOqWhOzgDpzgKB4KQtdkMrhjKV0jZw2VfM0mbEyqqem4hrSLsbrLkcA9aJh5NMXw=="
    },
    "@civ-clone/core-rule": {
      "version": "0.1.3",
      "resolved": "https://registry.npmjs.org/@civ-clone/core-rule/-/core-rule-0.1.3.tgz",
      "integrity": "sha512-mAN8Mc2TiT8ulGWTCVhWo5UwxR4PjN3I5BLQYQ8bVy750iw4cLHoib/tRKXkYS1Qm0ETiI7c9GEMdYNDBdZ+pQ==",
      "requires": {
        "@civ-clone/core-registry": "^0.1.0"
      }
    },
    "@civ-clone/core-terrain": {
      "version": "0.1.2",
      "resolved": "https://registry.npmjs.org/@civ-clone/core-terrain/-/core-terrain-0.1.2.tgz",
      "integrity": "sha512-eFBRIri06plxKQHtTtJIKnbl211HhylXInveeN7XqRvJUXq0paiwksI8Z7AqN5M+6bDe8OO+SXXnHwVdg1J8Dg==",
      "requires": {
        "@civ-clone/core-data-object": "^0.1.0",
        "@civ-clone/core-registry": "^0.1.0",
        "@civ-clone/core-rule": "^0.1.0"
      }
    },
    "@civ-clone/core-terrain-feature": {
      "version": "0.1.2",
      "resolved": "https://registry.npmjs.org/@civ-clone/core-terrain-feature/-/core-terrain-feature-0.1.2.tgz",
      "integrity": "sha512-AWrrcVTmAPtgYs04vmpWaT0R7beWcMvoGgWNdYCMmkga5zH2T2q95ZQ3fef94BCihMptYCkICtS9ARRRXbzflA==",
      "requires": {
        "@civ-clone/core-registry": "^0.1.0",
        "@civ-clone/core-rule": "^0.1.0",
        "@civ-clone/core-terrain": "^0.1.0"
      }
    },
    "@civ-clone/core-tile-improvement": {
      "version": "0.1.2",
      "resolved": "https://registry.npmjs.org/@civ-clone/core-tile-improvement/-/core-tile-improvement-0.1.2.tgz",
      "integrity": "sha512-9naQc7AF4uVdApJEXfccJ0lKVWfDUy8NLcEGuqtoWKvIy3pgq3gRs9eSupPlAHc0YmdTsq/TGsHJWEy90O/SQg==",
      "requires": {
        "@civ-clone/core-data-object": "^0.1.0",
        "@civ-clone/core-player": "^0.1.0",
        "@civ-clone/core-registry": "^0.1.0",
        "@civ-clone/core-rule": "^0.1.0",
        "@civ-clone/core-terrain": "^0.1.0",
        "@civ-clone/core-world": "^0.1.0"
      }
    },
    "@civ-clone/core-world": {
      "version": "0.1.10",
      "resolved": "https://registry.npmjs.org/@civ-clone/core-world/-/core-world-0.1.10.tgz",
      "integrity": "sha512-H1pcRIZhArVgRhFOW9VS2khNeYu30GmR+gSxlVF08KA6O7y2ks3k0C23EPjTcox9/ytBumRZhA85HxmPNFgGFw==",
      "requires": {
        "@civ-clone/core-data-object": "^0.1.0",
        "@civ-clone/core-player": "^0.1.0",
        "@civ-clone/core-registry": "^0.1.0",
        "@civ-clone/core-rule": "^0.1.0",
        "@civ-clone/core-terrain": "^0.1.0",
        "@civ-clone/core-world-generator": "^0.1.0",
        "@civ-clone/core-yield": "^0.1.0"
      }
    },
    "@civ-clone/core-world-generator": {
      "version": "0.1.3",
      "resolved": "https://registry.npmjs.org/@civ-clone/core-world-generator/-/core-world-generator-0.1.3.tgz",
      "integrity": "sha512-6Q7VNisEAnh6kYxMDDuLTHof+l+u0oWMq7vCe+P7srK3H9tF0w0C0hl6DyziUn3shgp/2mjWBZngWm0/8PV0bw==",
      "requires": {
        "@civ-clone/core-player": "^0.1.6",
        "@civ-clone/core-registry": "^0.1.0",
        "@civ-clone/core-rule": "^0.1.0",
        "@civ-clone/core-terrain": "^0.1.0",
        "@civ-clone/core-world": "^0.1.10"
      }
    },
    "@civ-clone/core-yield": {
      "version": "0.1.4",
      "resolved": "https://registry.npmjs.org/@civ-clone/core-yield/-/core-yield-0.1.4.tgz",
      "integrity": "sha512-zXUcbQpmutleplRbwRU5O0Z/QAtBdGExpPC5UfoX34XvfkZN68A1O0PQf1xNL+5i4jHyUNldh0+biUnbzI4sWg==",
      "requires": {
        "@civ-clone/core-data-object": "^0.1.0",
        "@civ-clone/core-registry": "^0.1.0"
      }
    },
    "@types/node": {
      "version": "14.18.42",
      "resolved": "https://registry.npmjs.org/@types/node/-/node-14.18.42.tgz",
      "integrity": "sha512-xefu+RBie4xWlK8hwAzGh3npDz/4VhF6icY/shU+zv/1fNn+ZVG7T7CRwe9LId9sAYRPxI+59QBPuKL3WpyGRg==",
      "dev": true
    },
    "prettier": {
      "version": "2.8.7",
      "resolved": "https://registry.npmjs.org/prettier/-/prettier-2.8.7.tgz",
      "integrity": "sha512-yPngTo3aXUUmyuTjeTUT75txrf+aMh9FiD7q9ZE/i6r0bPb22g4FsE6Y338PQX1bmfy08i9QQCB7/rcUAVntfw==",
      "dev": true
    },
    "typescript": {
      "version": "4.9.5",
      "resolved": "https://registry.npmjs.org/typescript/-/typescript-4.9.5.tgz",
      "integrity": "sha512-1FXk9E2Hm+QzZQ7z+McJiHL4NW1F2EzMu9Nq9i3zAaGqibafqYwCVU6WyWAuyQRRzOlxou8xZSyXLEN8oKj24g==",
      "dev": true
    }
  }
}
